
Microsoft Visual Studio Solution File, Format Version 12.00
# Visual Studio Version 16
VisualStudioVersion = 16.0.810.22
MinimumVisualStudioVersion = 10.0.40219.1
Project("{FAE04EC0-301F-11D3-BF4B-00C04F79EFBC}") = "TodoApi", "TodoApi.csproj", "{8298C7F3-DE74-4A55-B40E-41FBBC3C3986}"
EndProject
Global
	GlobalSection(SolutionConfigurationPlatforms) = preSolution
		Debug|Any CPU = Debug|Any CPU
		Release|Any CPU = Release|Any CPU
	EndGlobalSection
	GlobalSection(ProjectConfigurationPlatforms) = postSolution
		{8298C7F3-DE74-4A55-B40E-41FBBC3C3986}.Debug|Any CPU.ActiveCfg = Debug|Any CPU
		{8298C7F3-DE74-4A55-B40E-41FBBC3C3986}.Debug|Any CPU.Build.0 = Debug|Any CPU
		{8298C7F3-DE74-4A55-B40E-41FBBC3C3986}.Release|Any CPU.ActiveCfg = Release|Any CPU
		{8298C7F3-DE74-4A55-B40E-41FBBC3C3986}.Release|Any CPU.Build.0 = Release|Any CPU
	EndGlobalSection
	GlobalSection(SolutionProperties) = preSolution
		HideSolutionNode = FALSE
	EndGlobalSection
	GlobalSection(ExtensibilityGlobals) = postSolution
		SolutionGuid = {085461DA-F5A6-4807-8469-83DEDFCDDD56}
	EndGlobalSection
EndGlobal
